// !$*UTF8*$!
{
	archiveVersion = 1;
	classes = {
	};
	objectVersion = 77;
	objects = {

/* Begin PBXBuildFile section */
		069E13039F037EECA601C876 /* ScheduleView.swift in Sources */ = {isa = PBXBuildFile; fileRef = 73065D6574BEE69F993699B2 /* ScheduleView.swift */; };
		07A838E7AF316C4DB7161BDE /* CourseListView.swift in Sources */ = {isa = PBXBuildFile; fileRef = 6757FAB390FA1FB5AA6AECCF /* CourseListView.swift */; };
		0F180B9CA2E61AB9D06C69E9 /* TomatoScheduleApp.swift in Sources */ = {isa = PBXBuildFile; fileRef = 657A9684EEA6B67AE1427B64 /* TomatoScheduleApp.swift */; };
		112DECAA64EB4AB9A9755A06 /* MainTabView.swift in Sources */ = {isa = PBXBuildFile; fileRef = 1F09533DA20CF516C219F56C /* MainTabView.swift */; };
		140227CA747A02A20D2438CA /* 7424f0f07240fd43e9c8c7a3dd272de4.JPG in Resources */ = {isa = PBXBuildFile; fileRef = 28CEC0D7A3CC4C2498C38E3D /* 7424f0f07240fd43e9c8c7a3dd272de4.JPG */; };
		1EF2DEE3E570730EE7CEBC85 /* DateHelper.swift in Sources */ = {isa = PBXBuildFile; fileRef = D4402879585B36E50709B62D /* DateHelper.swift */; };
		27C564EB630721F0C63ACDBB /* LessonFormView.swift in Sources */ = {isa = PBXBuildFile; fileRef = 987066EFD50D2D16BA581271 /* LessonFormView.swift */; };
		2D875E712945366494BD5972 /* CalendarHeaderView.swift in Sources */ = {isa = PBXBuildFile; fileRef = 21806539C7A79CC2748A4B2E /* CalendarHeaderView.swift */; };
		30ED396935B3D6961F280B83 /* TimeSlotPicker.swift in Sources */ = {isa = PBXBuildFile; fileRef = 5BE88D6BC3F68AAB8C0DD64D /* TimeSlotPicker.swift */; };
		33C6A7BF2E807C058DD5482E /* SettingsView.swift in Sources */ = {isa = PBXBuildFile; fileRef = A2DD389AF5E20F52EA1B929C /* SettingsView.swift */; };
		4240C76C77FD79435B3A83F9 /* ManagementView.swift in Sources */ = {isa = PBXBuildFile; fileRef = A523A62CBC610FD03DFA786A /* ManagementView.swift */; };
		46074D0AC974525BF9ED4191 /* PresetColors.swift in Sources */ = {isa = PBXBuildFile; fileRef = 2F7BF114D99FD5363F966ADB /* PresetColors.swift */; };
		50AA2A0417C8A3CD78D2C1F2 /* ScrollCalendarFold.swift in Sources */ = {isa = PBXBuildFile; fileRef = 35963744F4BEE863D2511ECB /* ScrollCalendarFold.swift */; };
		53ECFDE566A52B497EC1F3E9 /* Lesson.swift in Sources */ = {isa = PBXBuildFile; fileRef = 79354EC748159A97C2DBEAE8 /* Lesson.swift */; };
		5559B30BB1E2F13CD5FF2BF3 /* StudentDetailView.swift in Sources */ = {isa = PBXBuildFile; fileRef = 655CA031D05EAB6FD0096F6E /* StudentDetailView.swift */; };
		5CDE277FF2B8926D7E5F6416 /* IMG_8444.PNG in Resources */ = {isa = PBXBuildFile; fileRef = A0D007F538F5C43E99F1DD2C /* IMG_8444.PNG */; };
		6FEE6EE753DD8A214F1AE1C1 /* StudentListContent.swift in Sources */ = {isa = PBXBuildFile; fileRef = 3008AA2502415511FAEC14BA /* StudentListContent.swift */; };
		708518F9B6A39C6865F8D370 /* WeekStripView.swift in Sources */ = {isa = PBXBuildFile; fileRef = 0261067192CEE1E1D25C674B /* WeekStripView.swift */; };
		753FDA65417D302237B1FB22 /* StudentService.swift in Sources */ = {isa = PBXBuildFile; fileRef = 6110ECBB630A1C996E52C0A4 /* StudentService.swift */; };
		7688F2914682936F15F9C723 /* Assets.xcassets in Resources */ = {isa = PBXBuildFile; fileRef = C257B6E39221631647C47A59 /* Assets.xcassets */; };
		7ABF928591E6A4CD5C8CA9ED /* LessonDetailCard.swift in Sources */ = {isa = PBXBuildFile; fileRef = 80336A87D0249A088661554C /* LessonDetailCard.swift */; };
		7C8342E12053B9C0B59E0322 /* IncomeView.swift in Sources */ = {isa = PBXBuildFile; fileRef = 5EF6475E32AE6A9F6E59A9C2 /* IncomeView.swift */; };
		8EF9972DD82F4FFEED58FE31 /* DayAvailabilityCell.swift in Sources */ = {isa = PBXBuildFile; fileRef = DC0F5C8D11380C9D40BD97A4 /* DayAvailabilityCell.swift */; };
		937CBA23E5291F14BE67B3F0 /* Course.swift in Sources */ = {isa = PBXBuildFile; fileRef = C8D84A988E7CCB7511005207 /* Course.swift */; };
		9F1A35A764682820F0A4FE89 /* CalendarImportView.swift in Sources */ = {isa = PBXBuildFile; fileRef = DEC1C2276BADDA8F5394D163 /* CalendarImportView.swift */; };
		A3D0AA5F0105C79FF15B9D6F /* CourseFormView.swift in Sources */ = {isa = PBXBuildFile; fileRef = 7DC7F23237E7A0E7EE5597D2 /* CourseFormView.swift */; };
		B0807C67D7C07455250B882E /* StatisticsBar.swift in Sources */ = {isa = PBXBuildFile; fileRef = A10BD1DD93C095F1729C4716 /* StatisticsBar.swift */; };
		B6E11A71AC677DEBA0A6553B /* MonthGridView.swift in Sources */ = {isa = PBXBuildFile; fileRef = F4ECC14C14A1254BAB2A6710 /* MonthGridView.swift */; };
		BA09EC497413825C98EFDFD5 /* EmptyStateView.swift in Sources */ = {isa = PBXBuildFile; fileRef = 0A8E304C56DC0B4A04446273 /* EmptyStateView.swift */; };
		BCE218CC7FF2960E8AD7577D /* BatchLessonFormView.swift in Sources */ = {isa = PBXBuildFile; fileRef = 046FCF258BE7E38CEA5F0638 /* BatchLessonFormView.swift */; };
		C1BC2E5651B36F50C5BE535F /* IncomeTypes.swift in Sources */ = {isa = PBXBuildFile; fileRef = 3C184097E687313D5B899AD9 /* IncomeTypes.swift */; };
		C360CFE44E625787ECE1548F /* 365bbb518e36d0d74df2992bff44b83c.JPG in Resources */ = {isa = PBXBuildFile; fileRef = 782DB213CFCD6D3B4180430F /* 365bbb518e36d0d74df2992bff44b83c.JPG */; };
		C40F156B230A05DED70AF265 /* LessonTimeGroup.swift in Sources */ = {isa = PBXBuildFile; fileRef = E523881C8018171A6C3C362D /* LessonTimeGroup.swift */; };
		CDA0A334707AEE5E384867B9 /* StudentIncomeDetailView.swift in Sources */ = {isa = PBXBuildFile; fileRef = EADABD19354E52A24AD8A0CC /* StudentIncomeDetailView.swift */; };
		CFAF1A24E86E300B8A3FD7A3 /* DayScheduleDetailView.swift in Sources */ = {isa = PBXBuildFile; fileRef = A843F3783E3D53F22C7349AB /* DayScheduleDetailView.swift */; };
		D010F9E5D160BC84E29F8FEF /* MonthlyOverviewView.swift in Sources */ = {isa = PBXBuildFile; fileRef = 992829360E34D6FECCF12C37 /* MonthlyOverviewView.swift */; };
		E1D5E5462D671D28FC7E4FDB /* ColorPickerGrid.swift in Sources */ = {isa = PBXBuildFile; fileRef = 14DAF408A1977734575226C3 /* ColorPickerGrid.swift */; };
		E97C6819D728F4D1FFB42A93 /* CalendarSyncService.swift in Sources */ = {isa = PBXBuildFile; fileRef = 0CDFA32275E91B83B869D167 /* CalendarSyncService.swift */; };
		F74C2B023E3F1BF593BBE9A7 /* IncomeAggregator.swift in Sources */ = {isa = PBXBuildFile; fileRef = 09D2C6C7305D7562B6A17267 /* IncomeAggregator.swift */; };
		FE6BB5285FD1D912BDC180D7 /* DotIndicator.swift in Sources */ = {isa = PBXBuildFile; fileRef = 02FF09AE172F706C428AE3B7 /* DotIndicator.swift */; };
/* End PBXBuildFile section */

/* Begin PBXFileReference section */
		0261067192CEE1E1D25C674B /* WeekStripView.swift */ = {isa = PBXFileReference; lastKnownFileType = sourcecode.swift; path = WeekStripView.swift; sourceTree = "<group>"; };
		02FF09AE172F706C428AE3B7 /* DotIndicator.swift */ = {isa = PBXFileReference; lastKnownFileType = sourcecode.swift; path = DotIndicator.swift; sourceTree = "<group>"; };
		046FCF258BE7E38CEA5F0638 /* BatchLessonFormView.swift */ = {isa = PBXFileReference; lastKnownFileType = sourcecode.swift; path = BatchLessonFormView.swift; sourceTree = "<group>"; };
		09D2C6C7305D7562B6A17267 /* IncomeAggregator.swift */ = {isa = PBXFileReference; lastKnownFileType = sourcecode.swift; path = IncomeAggregator.swift; sourceTree = "<group>"; };
		0A8E304C56DC0B4A04446273 /* EmptyStateView.swift */ = {isa = PBXFileReference; lastKnownFileType = sourcecode.swift; path = EmptyStateView.swift; sourceTree = "<group>"; };
		0CDFA32275E91B83B869D167 /* CalendarSyncService.swift */ = {isa = PBXFileReference; lastKnownFileType = sourcecode.swift; path = CalendarSyncService.swift; sourceTree = "<group>"; };
		14DAF408A1977734575226C3 /* ColorPickerGrid.swift */ = {isa = PBXFileReference; lastKnownFileType = sourcecode.swift; path = ColorPickerGrid.swift; sourceTree = "<group>"; };
		1F09533DA20CF516C219F56C /* MainTabView.swift */ = {isa = PBXFileReference; lastKnownFileType = sourcecode.swift; path = MainTabView.swift; sourceTree = "<group>"; };
		21806539C7A79CC2748A4B2E /* CalendarHeaderView.swift */ = {isa = PBXFileReference; lastKnownFileType = sourcecode.swift; path = CalendarHeaderView.swift; sourceTree = "<group>"; };
		28CEC0D7A3CC4C2498C38E3D /* 7424f0f07240fd43e9c8c7a3dd272de4.JPG */ = {isa = PBXFileReference; path = 7424f0f07240fd43e9c8c7a3dd272de4.JPG; sourceTree = "<group>"; };
		2F7BF114D99FD5363F966ADB /* PresetColors.swift */ = {isa = PBXFileReference; lastKnownFileType = sourcecode.swift; path = PresetColors.swift; sourceTree = "<group>"; };
		3008AA2502415511FAEC14BA /* StudentListContent.swift */ = {isa = PBXFileReference; lastKnownFileType = sourcecode.swift; path = StudentListContent.swift; sourceTree = "<group>"; };
		35963744F4BEE863D2511ECB /* ScrollCalendarFold.swift */ = {isa = PBXFileReference; lastKnownFileType = sourcecode.swift; path = ScrollCalendarFold.swift; sourceTree = "<group>"; };
		3C184097E687313D5B899AD9 /* IncomeTypes.swift */ = {isa = PBXFileReference; lastKnownFileType = sourcecode.swift; path = IncomeTypes.swift; sourceTree = "<group>"; };
		5A6E50CC13F176404ADEFF97 /* TomatoSchedule.app */ = {isa = PBXFileReference; includeInIndex = 0; lastKnownFileType = wrapper.application; path = TomatoSchedule.app; sourceTree = BUILT_PRODUCTS_DIR; };
		5BE88D6BC3F68AAB8C0DD64D /* TimeSlotPicker.swift */ = {isa = PBXFileReference; lastKnownFileType = sourcecode.swift; path = TimeSlotPicker.swift; sourceTree = "<group>"; };
		5EF6475E32AE6A9F6E59A9C2 /* IncomeView.swift */ = {isa = PBXFileReference; lastKnownFileType = sourcecode.swift; path = IncomeView.swift; sourceTree = "<group>"; };
		6110ECBB630A1C996E52C0A4 /* StudentService.swift */ = {isa = PBXFileReference; lastKnownFileType = sourcecode.swift; path = StudentService.swift; sourceTree = "<group>"; };
		655CA031D05EAB6FD0096F6E /* StudentDetailView.swift */ = {isa = PBXFileReference; lastKnownFileType = sourcecode.swift; path = StudentDetailView.swift; sourceTree = "<group>"; };
		657A9684EEA6B67AE1427B64 /* TomatoScheduleApp.swift */ = {isa = PBXFileReference; lastKnownFileType = sourcecode.swift; path = TomatoScheduleApp.swift; sourceTree = "<group>"; };
		6757FAB390FA1FB5AA6AECCF /* CourseListView.swift */ = {isa = PBXFileReference; lastKnownFileType = sourcecode.swift; path = CourseListView.swift; sourceTree = "<group>"; };
		73065D6574BEE69F993699B2 /* ScheduleView.swift */ = {isa = PBXFileReference; lastKnownFileType = sourcecode.swift; path = ScheduleView.swift; sourceTree = "<group>"; };
		7359B07F3464A429E21DD2DD /* Info.plist */ = {isa = PBXFileReference; lastKnownFileType = text.plist; path = Info.plist; sourceTree = "<group>"; };
		782DB213CFCD6D3B4180430F /* 365bbb518e36d0d74df2992bff44b83c.JPG */ = {isa = PBXFileReference; path = 365bbb518e36d0d74df2992bff44b83c.JPG; sourceTree = "<group>"; };
		79354EC748159A97C2DBEAE8 /* Lesson.swift */ = {isa = PBXFileReference; lastKnownFileType = sourcecode.swift; path = Lesson.swift; sourceTree = "<group>"; };
		7DC7F23237E7A0E7EE5597D2 /* CourseFormView.swift */ = {isa = PBXFileReference; lastKnownFileType = sourcecode.swift; path = CourseFormView.swift; sourceTree = "<group>"; };
		80336A87D0249A088661554C /* LessonDetailCard.swift */ = {isa = PBXFileReference; lastKnownFileType = sourcecode.swift; path = LessonDetailCard.swift; sourceTree = "<group>"; };
		987066EFD50D2D16BA581271 /* LessonFormView.swift */ = {isa = PBXFileReference; lastKnownFileType = sourcecode.swift; path = LessonFormView.swift; sourceTree = "<group>"; };
		992829360E34D6FECCF12C37 /* MonthlyOverviewView.swift */ = {isa = PBXFileReference; lastKnownFileType = sourcecode.swift; path = MonthlyOverviewView.swift; sourceTree = "<group>"; };
		A0D007F538F5C43E99F1DD2C /* IMG_8444.PNG */ = {isa = PBXFileReference; path = IMG_8444.PNG; sourceTree = "<group>"; };
		A10BD1DD93C095F1729C4716 /* StatisticsBar.swift */ = {isa = PBXFileReference; lastKnownFileType = sourcecode.swift; path = StatisticsBar.swift; sourceTree = "<group>"; };
		A2DD389AF5E20F52EA1B929C /* SettingsView.swift */ = {isa = PBXFileReference; lastKnownFileType = sourcecode.swift; path = SettingsView.swift; sourceTree = "<group>"; };
		A523A62CBC610FD03DFA786A /* ManagementView.swift */ = {isa = PBXFileReference; lastKnownFileType = sourcecode.swift; path = ManagementView.swift; sourceTree = "<group>"; };
		A843F3783E3D53F22C7349AB /* DayScheduleDetailView.swift */ = {isa = PBXFileReference; lastKnownFileType = sourcecode.swift; path = DayScheduleDetailView.swift; sourceTree = "<group>"; };
		C257B6E39221631647C47A59 /* Assets.xcassets */ = {isa = PBXFileReference; lastKnownFileType = folder.assetcatalog; path = Assets.xcassets; sourceTree = "<group>"; };
		C8D84A988E7CCB7511005207 /* Course.swift */ = {isa = PBXFileReference; lastKnownFileType = sourcecode.swift; path = Course.swift; sourceTree = "<group>"; };
		D4402879585B36E50709B62D /* DateHelper.swift */ = {isa = PBXFileReference; lastKnownFileType = sourcecode.swift; path = DateHelper.swift; sourceTree = "<group>"; };
		DC0F5C8D11380C9D40BD97A4 /* DayAvailabilityCell.swift */ = {isa = PBXFileReference; lastKnownFileType = sourcecode.swift; path = DayAvailabilityCell.swift; sourceTree = "<group>"; };
		DEC1C2276BADDA8F5394D163 /* CalendarImportView.swift */ = {isa = PBXFileReference; lastKnownFileType = sourcecode.swift; path = CalendarImportView.swift; sourceTree = "<group>"; };
		E523881C8018171A6C3C362D /* LessonTimeGroup.swift */ = {isa = PBXFileReference; lastKnownFileType = sourcecode.swift; path = LessonTimeGroup.swift; sourceTree = "<group>"; };
		EADABD19354E52A24AD8A0CC /* StudentIncomeDetailView.swift */ = {isa = PBXFileReference; lastKnownFileType = sourcecode.swift; path = StudentIncomeDetailView.swift; sourceTree = "<group>"; };
		F4ECC14C14A1254BAB2A6710 /* MonthGridView.swift */ = {isa = PBXFileReference; lastKnownFileType = sourcecode.swift; path = MonthGridView.swift; sourceTree = "<group>"; };
/* End PBXFileReference section */

/* Begin PBXGroup section */
		0F8E742ED263EF994DBBDB4D /* Management */ = {
			isa = PBXGroup;
			children = (
				A523A62CBC610FD03DFA786A /* ManagementView.swift */,
				655CA031D05EAB6FD0096F6E /* StudentDetailView.swift */,
				3008AA2502415511FAEC14BA /* StudentListContent.swift */,
			);
			path = Management;
			sourceTree = "<group>";
		};
		1356FFF2C344BB10066DB54D /* Schedule */ = {
			isa = PBXGroup;
			children = (
				21806539C7A79CC2748A4B2E /* CalendarHeaderView.swift */,
				DC0F5C8D11380C9D40BD97A4 /* DayAvailabilityCell.swift */,
				A843F3783E3D53F22C7349AB /* DayScheduleDetailView.swift */,
				80336A87D0249A088661554C /* LessonDetailCard.swift */,
				E523881C8018171A6C3C362D /* LessonTimeGroup.swift */,
				F4ECC14C14A1254BAB2A6710 /* MonthGridView.swift */,
				992829360E34D6FECCF12C37 /* MonthlyOverviewView.swift */,
				73065D6574BEE69F993699B2 /* ScheduleView.swift */,
				A10BD1DD93C095F1729C4716 /* StatisticsBar.swift */,
				0261067192CEE1E1D25C674B /* WeekStripView.swift */,
			);
			path = Schedule;
			sourceTree = "<group>";
		};
		202AF5AB3778F2AB8CC8391F /* example */ = {
			isa = PBXGroup;
			children = (
				782DB213CFCD6D3B4180430F /* 365bbb518e36d0d74df2992bff44b83c.JPG */,
				28CEC0D7A3CC4C2498C38E3D /* 7424f0f07240fd43e9c8c7a3dd272de4.JPG */,
				A0D007F538F5C43E99F1DD2C /* IMG_8444.PNG */,
			);
			path = example;
			sourceTree = "<group>";
		};
		2B04B2FE38123C7FCD5B9B0D /* Products */ = {
			isa = PBXGroup;
			children = (
				5A6E50CC13F176404ADEFF97 /* TomatoSchedule.app */,
			);
			name = Products;
			sourceTree = "<group>";
		};
		4CC6C63017D689CF3E42887F /* Lesson */ = {
			isa = PBXGroup;
			children = (
				046FCF258BE7E38CEA5F0638 /* BatchLessonFormView.swift */,
				987066EFD50D2D16BA581271 /* LessonFormView.swift */,
			);
			path = Lesson;
			sourceTree = "<group>";
		};
		551C1B3C074CB5322D4F9062 /* Helpers */ = {
			isa = PBXGroup;
			children = (
				D4402879585B36E50709B62D /* DateHelper.swift */,
				09D2C6C7305D7562B6A17267 /* IncomeAggregator.swift */,
				3C184097E687313D5B899AD9 /* IncomeTypes.swift */,
				2F7BF114D99FD5363F966ADB /* PresetColors.swift */,
				6110ECBB630A1C996E52C0A4 /* StudentService.swift */,
			);
			path = Helpers;
			sourceTree = "<group>";
		};
		5E3BCC4576AFFF038AC42B62 /* Views */ = {
			isa = PBXGroup;
			children = (
				1F09533DA20CF516C219F56C /* MainTabView.swift */,
				CCE0C66817B8B99CE3A91046 /* Components */,
				DE75F7DC3C3CFADBA14E6ED9 /* Course */,
				E3983953CD995FF6E60E94ED /* Income */,
				4CC6C63017D689CF3E42887F /* Lesson */,
				0F8E742ED263EF994DBBDB4D /* Management */,
				1356FFF2C344BB10066DB54D /* Schedule */,
				6A69335BABCEF459168A283E /* Settings */,
			);
			path = Views;
			sourceTree = "<group>";
		};
		6A69335BABCEF459168A283E /* Settings */ = {
			isa = PBXGroup;
			children = (
				DEC1C2276BADDA8F5394D163 /* CalendarImportView.swift */,
				A2DD389AF5E20F52EA1B929C /* SettingsView.swift */,
			);
			path = Settings;
			sourceTree = "<group>";
		};
		A6A437CA93E4D1DF44FA8128 /* Services */ = {
			isa = PBXGroup;
			children = (
				0CDFA32275E91B83B869D167 /* CalendarSyncService.swift */,
			);
			path = Services;
			sourceTree = "<group>";
		};
		A7414021B815E283F9B589DB /* Models */ = {
			isa = PBXGroup;
			children = (
				C8D84A988E7CCB7511005207 /* Course.swift */,
				79354EC748159A97C2DBEAE8 /* Lesson.swift */,
			);
			path = Models;
			sourceTree = "<group>";
		};
		CCE0C66817B8B99CE3A91046 /* Components */ = {
			isa = PBXGroup;
			children = (
				14DAF408A1977734575226C3 /* ColorPickerGrid.swift */,
				02FF09AE172F706C428AE3B7 /* DotIndicator.swift */,
				0A8E304C56DC0B4A04446273 /* EmptyStateView.swift */,
				35963744F4BEE863D2511ECB /* ScrollCalendarFold.swift */,
				5BE88D6BC3F68AAB8C0DD64D /* TimeSlotPicker.swift */,
			);
			path = Components;
			sourceTree = "<group>";
		};
		DE75F7DC3C3CFADBA14E6ED9 /* Course */ = {
			isa = PBXGroup;
			children = (
				7DC7F23237E7A0E7EE5597D2 /* CourseFormView.swift */,
				6757FAB390FA1FB5AA6AECCF /* CourseListView.swift */,
			);
			path = Course;
			sourceTree = "<group>";
		};
		E3983953CD995FF6E60E94ED /* Income */ = {
			isa = PBXGroup;
			children = (
				5EF6475E32AE6A9F6E59A9C2 /* IncomeView.swift */,
				EADABD19354E52A24AD8A0CC /* StudentIncomeDetailView.swift */,
			);
			path = Income;
			sourceTree = "<group>";
		};
		E738608BFB7D546241FA5D84 /* App */ = {
			isa = PBXGroup;
			children = (
				657A9684EEA6B67AE1427B64 /* TomatoScheduleApp.swift */,
			);
			path = App;
			sourceTree = "<group>";
		};
		EE04B93DB9934D500AA61D24 = {
			isa = PBXGroup;
			children = (
				FF4BC8EBDB9E54F652ACE730 /* TomatoSchedule */,
				2B04B2FE38123C7FCD5B9B0D /* Products */,
			);
			sourceTree = "<group>";
		};
		FF4BC8EBDB9E54F652ACE730 /* TomatoSchedule */ = {
			isa = PBXGroup;
			children = (
				C257B6E39221631647C47A59 /* Assets.xcassets */,
				7359B07F3464A429E21DD2DD /* Info.plist */,
				E738608BFB7D546241FA5D84 /* App */,
				202AF5AB3778F2AB8CC8391F /* example */,
				551C1B3C074CB5322D4F9062 /* Helpers */,
				A7414021B815E283F9B589DB /* Models */,
				A6A437CA93E4D1DF44FA8128 /* Services */,
				5E3BCC4576AFFF038AC42B62 /* Views */,
			);
			path = TomatoSchedule;
			sourceTree = "<group>";
		};
/* End PBXGroup section */

/* Begin PBXNativeTarget section */
		2FE146C05D4D8744E5DAFE24 /* TomatoSchedule */ = {
			isa = PBXNativeTarget;
			buildConfigurationList = 2839B85AE84E5145B498F5AB /* Build configuration list for PBXNativeTarget "TomatoSchedule" */;
			buildPhases = (
				0EFE228CF645798926CF6A3B /* Sources */,
				B214834ED5B4D801073F2BDC /* Resources */,
			);
			buildRules = (
			);
			dependencies = (
			);
			name = TomatoSchedule;
			packageProductDependencies = (
			);
			productName = TomatoSchedule;
			productReference = 5A6E50CC13F176404ADEFF97 /* TomatoSchedule.app */;
			productType = "com.apple.product-type.application";
		};
/* End PBXNativeTarget section */

/* Begin PBXProject section */
		A7934C606B790F68F9A9956A /* Project object */ = {
			isa = PBXProject;
			attributes = {
				BuildIndependentTargetsInParallel = YES;
				LastUpgradeCheck = 1430;
				TargetAttributes = {
				};
			};
			buildConfigurationList = 20989C42118DC6D25925DCF2 /* Build configuration list for PBXProject "TomatoSchedule" */;
			developmentRegion = "zh-Hans";
			hasScannedForEncodings = 0;
			knownRegions = (
				Base,
				"zh-Hans",
			);
			mainGroup = EE04B93DB9934D500AA61D24;
			minimizedProjectReferenceProxies = 1;
			preferredProjectObjectVersion = 77;
			productRefGroup = 2B04B2FE38123C7FCD5B9B0D /* Products */;
			projectDirPath = "";
			projectRoot = "";
			targets = (
				2FE146C05D4D8744E5DAFE24 /* TomatoSchedule */,
			);
		};
/* End PBXProject section */

/* Begin PBXResourcesBuildPhase section */
		B214834ED5B4D801073F2BDC /* Resources */ = {
			isa = PBXResourcesBuildPhase;
			buildActionMask = 2147483647;
			files = (
				C360CFE44E625787ECE1548F /* 365bbb518e36d0d74df2992bff44b83c.JPG in Resources */,
				140227CA747A02A20D2438CA /* 7424f0f07240fd43e9c8c7a3dd272de4.JPG in Resources */,
				7688F2914682936F15F9C723 /* Assets.xcassets in Resources */,
				5CDE277FF2B8926D7E5F6416 /* IMG_8444.PNG in Resources */,
			);
			runOnlyForDeploymentPostprocessing = 0;
		};
/* End PBXResourcesBuildPhase section */

/* Begin PBXSourcesBuildPhase section */
		0EFE228CF645798926CF6A3B /* Sources */ = {
			isa = PBXSourcesBuildPhase;
			buildActionMask = 2147483647;
			files = (
				BCE218CC7FF2960E8AD7577D /* BatchLessonFormView.swift in Sources */,
				2D875E712945366494BD5972 /* CalendarHeaderView.swift in Sources */,
				9F1A35A764682820F0A4FE89 /* CalendarImportView.swift in Sources */,
				E97C6819D728F4D1FFB42A93 /* CalendarSyncService.swift in Sources */,
				E1D5E5462D671D28FC7E4FDB /* ColorPickerGrid.swift in Sources */,
				937CBA23E5291F14BE67B3F0 /* Course.swift in Sources */,
				A3D0AA5F0105C79FF15B9D6F /* CourseFormView.swift in Sources */,
				07A838E7AF316C4DB7161BDE /* CourseListView.swift in Sources */,
				1EF2DEE3E570730EE7CEBC85 /* DateHelper.swift in Sources */,
				8EF9972DD82F4FFEED58FE31 /* DayAvailabilityCell.swift in Sources */,
				CFAF1A24E86E300B8A3FD7A3 /* DayScheduleDetailView.swift in Sources */,
				FE6BB5285FD1D912BDC180D7 /* DotIndicator.swift in Sources */,
				BA09EC497413825C98EFDFD5 /* EmptyStateView.swift in Sources */,
				F74C2B023E3F1BF593BBE9A7 /* IncomeAggregator.swift in Sources */,
				C1BC2E5651B36F50C5BE535F /* IncomeTypes.swift in Sources */,
				7C8342E12053B9C0B59E0322 /* IncomeView.swift in Sources */,
				53ECFDE566A52B497EC1F3E9 /* Lesson.swift in Sources */,
				7ABF928591E6A4CD5C8CA9ED /* LessonDetailCard.swift in Sources */,
				27C564EB630721F0C63ACDBB /* LessonFormView.swift in Sources */,
				C40F156B230A05DED70AF265 /* LessonTimeGroup.swift in Sources */,
				112DECAA64EB4AB9A9755A06 /* MainTabView.swift in Sources */,
				4240C76C77FD79435B3A83F9 /* ManagementView.swift in Sources */,
				B6E11A71AC677DEBA0A6553B /* MonthGridView.swift in Sources */,
				D010F9E5D160BC84E29F8FEF /* MonthlyOverviewView.swift in Sources */,
				46074D0AC974525BF9ED4191 /* PresetColors.swift in Sources */,
				069E13039F037EECA601C876 /* ScheduleView.swift in Sources */,
				50AA2A0417C8A3CD78D2C1F2 /* ScrollCalendarFold.swift in Sources */,
				33C6A7BF2E807C058DD5482E /* SettingsView.swift in Sources */,
				B0807C67D7C07455250B882E /* StatisticsBar.swift in Sources */,
				5559B30BB1E2F13CD5FF2BF3 /* StudentDetailView.swift in Sources */,
				CDA0A334707AEE5E384867B9 /* StudentIncomeDetailView.swift in Sources */,
				6FEE6EE753DD8A214F1AE1C1 /* StudentListContent.swift in Sources */,
				753FDA65417D302237B1FB22 /* StudentService.swift in Sources */,
				30ED396935B3D6961F280B83 /* TimeSlotPicker.swift in Sources */,
				0F180B9CA2E61AB9D06C69E9 /* TomatoScheduleApp.swift in Sources */,
				708518F9B6A39C6865F8D370 /* WeekStripView.swift in Sources */,
			);
			runOnlyForDeploymentPostprocessing = 0;
		};
/* End PBXSourcesBuildPhase section */

/* Begin XCBuildConfiguration section */
		BC2AA73C05E6D31306F0F05E /* Release */ = {
			isa = XCBuildConfiguration;
			buildSettings = {
				ALWAYS_SEARCH_USER_PATHS = NO;
				CLANG_ANALYZER_NONNULL = YES;
				CLANG_ANALYZER_NUMBER_OBJECT_CONVERSION = YES_AGGRESSIVE;
				CLANG_CXX_LANGUAGE_STANDARD = "gnu++14";
				CLANG_CXX_LIBRARY = "libc++";
				CLANG_ENABLE_MODULES = YES;
				CLANG_ENABLE_OBJC_ARC = YES;
				CLANG_ENABLE_OBJC_WEAK = YES;
				CLANG_WARN_BLOCK_CAPTURE_AUTORELEASING = YES;
				CLANG_WARN_BOOL_CONVERSION = YES;
				CLANG_WARN_COMMA = YES;
				CLANG_WARN_CONSTANT_CONVERSION = YES;
				CLANG_WARN_DEPRECATED_OBJC_IMPLEMENTATIONS = YES;
				CLANG_WARN_DIRECT_OBJC_ISA_USAGE = YES_ERROR;
				CLANG_WARN_DOCUMENTATION_COMMENTS = YES;
				CLANG_WARN_EMPTY_BODY = YES;
				CLANG_WARN_ENUM_CONVERSION = YES;
				CLANG_WARN_INFINITE_RECURSION = YES;
				CLANG_WARN_INT_CONVERSION = YES;
				CLANG_WARN_NON_LITERAL_NULL_CONVERSION = YES;
				CLANG_WARN_OBJC_IMPLICIT_RETAIN_SELF = YES;
				CLANG_WARN_OBJC_LITERAL_CONVERSION = YES;
				CLANG_WARN_OBJC_ROOT_CLASS = YES_ERROR;
				CLANG_WARN_QUOTED_INCLUDE_IN_FRAMEWORK_HEADER = YES;
				CLANG_WARN_RANGE_LOOP_ANALYSIS = YES;
				CLANG_WARN_STRICT_PROTOTYPES = YES;
				CLANG_WARN_SUSPICIOUS_MOVE = YES;
				CLANG_WARN_UNGUARDED_AVAILABILITY = YES_AGGRESSIVE;
				CLANG_WARN_UNREACHABLE_CODE = YES;
				CLANG_WARN__DUPLICATE_METHOD_MATCH = YES;
				COPY_PHASE_STRIP = NO;
				CURRENT_PROJECT_VERSION = 1;
				DEBUG_INFORMATION_FORMAT = "dwarf-with-dsym";
				ENABLE_NS_ASSERTIONS = NO;
				ENABLE_STRICT_OBJC_MSGSEND = YES;
				GCC_C_LANGUAGE_STANDARD = gnu11;
				GCC_NO_COMMON_BLOCKS = YES;
				GCC_WARN_64_TO_32_BIT_CONVERSION = YES;
				GCC_WARN_ABOUT_RETURN_TYPE = YES_ERROR;
				GCC_WARN_UNDECLARED_SELECTOR = YES;
				GCC_WARN_UNINITIALIZED_AUTOS = YES_AGGRESSIVE;
				GCC_WARN_UNUSED_FUNCTION = YES;
				GCC_WARN_UNUSED_VARIABLE = YES;
				GENERATE_INFOPLIST_FILE = YES;
				INFOPLIST_FILE = TomatoSchedule/Info.plist;
				IPHONEOS_DEPLOYMENT_TARGET = 17.0;
				MARKETING_VERSION = 1.0.0;
				MTL_ENABLE_DEBUG_INFO = NO;
				MTL_FAST_MATH = YES;
				PRODUCT_NAME = "$(TARGET_NAME)";
				SDKROOT = iphoneos;
				SWIFT_COMPILATION_MODE = wholemodule;
				SWIFT_OPTIMIZATION_LEVEL = "-O";
				SWIFT_VERSION = 5;
			};
			name = Release;
		};
		BDB042C90B0B89734603A5E6 /* Debug */ = {
			isa = XCBuildConfiguration;
			buildSettings = {
				ALWAYS_SEARCH_USER_PATHS = NO;
				CLANG_ANALYZER_NONNULL = YES;
				CLANG_ANALYZER_NUMBER_OBJECT_CONVERSION = YES_AGGRESSIVE;
				CLANG_CXX_LANGUAGE_STANDARD = "gnu++14";
				CLANG_CXX_LIBRARY = "libc++";
				CLANG_ENABLE_MODULES = YES;
				CLANG_ENABLE_OBJC_ARC = YES;
				CLANG_ENABLE_OBJC_WEAK = YES;
				CLANG_WARN_BLOCK_CAPTURE_AUTORELEASING = YES;
				CLANG_WARN_BOOL_CONVERSION = YES;
				CLANG_WARN_COMMA = YES;
				CLANG_WARN_CONSTANT_CONVERSION = YES;
				CLANG_WARN_DEPRECATED_OBJC_IMPLEMENTATIONS = YES;
				CLANG_WARN_DIRECT_OBJC_ISA_USAGE = YES_ERROR;
				CLANG_WARN_DOCUMENTATION_COMMENTS = YES;
				CLANG_WARN_EMPTY_BODY = YES;
				CLANG_WARN_ENUM_CONVERSION = YES;
				CLANG_WARN_INFINITE_RECURSION = YES;
				CLANG_WARN_INT_CONVERSION = YES;
				CLANG_WARN_NON_LITERAL_NULL_CONVERSION = YES;
				CLANG_WARN_OBJC_IMPLICIT_RETAIN_SELF = YES;
				CLANG_WARN_OBJC_LITERAL_CONVERSION = YES;
				CLANG_WARN_OBJC_ROOT_CLASS = YES_ERROR;
				CLANG_WARN_QUOTED_INCLUDE_IN_FRAMEWORK_HEADER = YES;
				CLANG_WARN_RANGE_LOOP_ANALYSIS = YES;
				CLANG_WARN_STRICT_PROTOTYPES = YES;
				CLANG_WARN_SUSPICIOUS_MOVE = YES;
				CLANG_WARN_UNGUARDED_AVAILABILITY = YES_AGGRESSIVE;
				CLANG_WARN_UNREACHABLE_CODE = YES;
				CLANG_WARN__DUPLICATE_METHOD_MATCH = YES;
				COPY_PHASE_STRIP = NO;
				CURRENT_PROJECT_VERSION = 1;
				DEBUG_INFORMATION_FORMAT = dwarf;
				ENABLE_STRICT_OBJC_MSGSEND = YES;
				ENABLE_TESTABILITY = YES;
				GCC_C_LANGUAGE_STANDARD = gnu11;
				GCC_DYNAMIC_NO_PIC = NO;
				GCC_NO_COMMON_BLOCKS = YES;
				GCC_OPTIMIZATION_LEVEL = 0;
				GCC_PREPROCESSOR_DEFINITIONS = (
					"$(inherited)",
					"DEBUG=1",
				);
				GCC_WARN_64_TO_32_BIT_CONVERSION = YES;
				GCC_WARN_ABOUT_RETURN_TYPE = YES_ERROR;
				GCC_WARN_UNDECLARED_SELECTOR = YES;
				GCC_WARN_UNINITIALIZED_AUTOS = YES_AGGRESSIVE;
				GCC_WARN_UNUSED_FUNCTION = YES;
				GCC_WARN_UNUSED_VARIABLE = YES;
				GENERATE_INFOPLIST_FILE = YES;
				INFOPLIST_FILE = TomatoSchedule/Info.plist;
				IPHONEOS_DEPLOYMENT_TARGET = 17.0;
				MARKETING_VERSION = 1.0.0;
				MTL_ENABLE_DEBUG_INFO = INCLUDE_SOURCE;
				MTL_FAST_MATH = YES;
				ONLY_ACTIVE_ARCH = YES;
				PRODUCT_NAME = "$(TARGET_NAME)";
				SDKROOT = iphoneos;
				SWIFT_ACTIVE_COMPILATION_CONDITIONS = DEBUG;
				SWIFT_OPTIMIZATION_LEVEL = "-Onone";
				SWIFT_VERSION = 5;
			};
			name = Debug;
		};
		D347B076FC10D693EA29802F /* Release */ = {
			isa = XCBuildConfiguration;
			buildSettings = {
				ASSETCATALOG_COMPILER_APPICON_NAME = AppIcon;
				CODE_SIGN_IDENTITY = "iPhone Developer";
				INFOPLIST_FILE = TomatoSchedule/Info.plist;
				INFOPLIST_KEY_CFBundleDisplayName = "番茄课表";
				INFOPLIST_KEY_UIApplicationSceneManifest_Generation = YES;
				INFOPLIST_KEY_UIApplicationSupportsIndirectInputEvents = YES;
				INFOPLIST_KEY_UILaunchScreen_Generation = YES;
				INFOPLIST_KEY_UISupportedInterfaceOrientations_iPhone = UIInterfaceOrientationPortrait;
				LD_RUNPATH_SEARCH_PATHS = (
					"$(inherited)",
					"@executable_path/Frameworks",
				);
				PRODUCT_BUNDLE_IDENTIFIER = com.xujifeng.TomatoSchedule;
				SDKROOT = iphoneos;
				SWIFT_STRICT_CONCURRENCY = targeted;
				TARGETED_DEVICE_FAMILY = "1,2";
			};
			name = Release;
		};
		D800D5A1ADA21565B91BE996 /* Debug */ = {
			isa = XCBuildConfiguration;
			buildSettings = {
				ASSETCATALOG_COMPILER_APPICON_NAME = AppIcon;
				CODE_SIGN_IDENTITY = "iPhone Developer";
				INFOPLIST_FILE = TomatoSchedule/Info.plist;
				INFOPLIST_KEY_CFBundleDisplayName = "番茄课表";
				INFOPLIST_KEY_UIApplicationSceneManifest_Generation = YES;
				INFOPLIST_KEY_UIApplicationSupportsIndirectInputEvents = YES;
				INFOPLIST_KEY_UILaunchScreen_Generation = YES;
				INFOPLIST_KEY_UISupportedInterfaceOrientations_iPhone = UIInterfaceOrientationPortrait;
				LD_RUNPATH_SEARCH_PATHS = (
					"$(inherited)",
					"@executable_path/Frameworks",
				);
				PRODUCT_BUNDLE_IDENTIFIER = com.xujifeng.TomatoSchedule;
				SDKROOT = iphoneos;
				SWIFT_STRICT_CONCURRENCY = targeted;
				TARGETED_DEVICE_FAMILY = "1,2";
			};
			name = Debug;
		};
/* End XCBuildConfiguration section */

/* Begin XCConfigurationList section */
		20989C42118DC6D25925DCF2 /* Build configuration list for PBXProject "TomatoSchedule" */ = {
			isa = XCConfigurationList;
			buildConfigurations = (
				BDB042C90B0B89734603A5E6 /* Debug */,
				BC2AA73C05E6D31306F0F05E /* Release */,
			);
			defaultConfigurationIsVisible = 0;
			defaultConfigurationName = Debug;
		};
		2839B85AE84E5145B498F5AB /* Build configuration list for PBXNativeTarget "TomatoSchedule" */ = {
			isa = XCConfigurationList;
			buildConfigurations = (
				D800D5A1ADA21565B91BE996 /* Debug */,
				D347B076FC10D693EA29802F /* Release */,
			);
			defaultConfigurationIsVisible = 0;
			defaultConfigurationName = Debug;
		};
/* End XCConfigurationList section */
	};
	rootObject = A7934C606B790F68F9A9956A /* Project object */;
}
